# @generated - this file is auto-generated by `mise lock` https://mise.jdx.dev/dev-tools/mise-lock.html

[[tools."aqua:google/go-containerregistry"]]
version = "0.21.7"
backend = "aqua:google/go-containerregistry"

[tools."aqua:google/go-containerregistry"."platforms.linux-arm64"]
checksum = "sha256:b6ee979d9411dfb05ce35ab9e156fe5de7def11a230764a7856ffa2eb971fa88"
url = "https://github.com/google/go-containerregistry/releases/download/v0.21.7/go-containerregistry_Linux_arm64.tar.gz"
url_api = "https://api.github.com/repos/google/go-containerregistry/releases/assets/450629097"

[tools."aqua:google/go-containerregistry"."platforms.linux-arm64-musl"]
checksum = "sha256:b6ee979d9411dfb05ce35ab9e156fe5de7def11a230764a7856ffa2eb971fa88"
url = "https://github.com/google/go-containerregistry/releases/download/v0.21.7/go-containerregistry_Linux_arm64.tar.gz"
url_api = "https://api.github.com/repos/google/go-containerregistry/releases/assets/450629097"

[tools."aqua:google/go-containerregistry"."platforms.linux-x64"]
checksum = "sha256:1a57bc98207fa1c0d04bf760699099e26f8383499bfd55b99c1b919a928a7230"
url = "https://github.com/google/go-containerregistry/releases/download/v0.21.7/go-containerregistry_Linux_x86_64.tar.gz"
url_api = "https://api.github.com/repos/google/go-containerregistry/releases/assets/450629100"

[tools."aqua:google/go-containerregistry"."platforms.linux-x64-musl"]
checksum = "sha256:1a57bc98207fa1c0d04bf760699099e26f8383499bfd55b99c1b919a928a7230"
url = "https://github.com/google/go-containerregistry/releases/download/v0.21.7/go-containerregistry_Linux_x86_64.tar.gz"
url_api = "https://api.github.com/repos/google/go-containerregistry/releases/assets/450629100"

[tools."aqua:google/go-containerregistry"."platforms.macos-arm64"]
checksum = "sha256:1858c55dcd6053fe869bcb0c4ec20666383ddce445ad0f7e15e1e506b1f7fe52"
url = "https://github.com/google/go-containerregistry/releases/download/v0.21.7/go-containerregistry_Darwin_arm64.tar.gz"
url_api = "https://api.github.com/repos/google/go-containerregistry/releases/assets/450629136"

[tools."aqua:google/go-containerregistry"."platforms.macos-x64"]
checksum = "sha256:63a7dd15168d4dcac37933c7f6745438f2943d5898a1cf7896ad3341d8519bf2"
url = "https://github.com/google/go-containerregistry/releases/download/v0.21.7/go-containerregistry_Darwin_x86_64.tar.gz"
url_api = "https://api.github.com/repos/google/go-containerregistry/releases/assets/450629131"

[tools."aqua:google/go-containerregistry"."platforms.windows-x64"]
checksum = "sha256:88a1693e8d49298f9c44c81fbca55efea8f5ab1be3c760534cfb8d932ca88baa"
url = "https://github.com/google/go-containerregistry/releases/download/v0.21.7/go-containerregistry_Windows_x86_64.tar.gz"
url_api = "https://api.github.com/repos/google/go-containerregistry/releases/assets/450629123"

[[tools."aqua:mikefarah/yq"]]
version = "4.53.3"
backend = "aqua:mikefarah/yq"

[tools."aqua:mikefarah/yq"."platforms.linux-arm64"]
checksum = "sha256:578648e463a11c1b6db6010cbf41eafed6bee79466fcffa1bb446672cf7945ea"
url = "https://github.com/mikefarah/yq/releases/download/v4.53.3/yq_linux_arm64"
url_api = "https://api.github.com/repos/mikefarah/yq/releases/assets/440146727"
provenance = "cosign"

[tools."aqua:mikefarah/yq"."platforms.linux-arm64-musl"]
checksum = "sha256:578648e463a11c1b6db6010cbf41eafed6bee79466fcffa1bb446672cf7945ea"
url = "https://github.com/mikefarah/yq/releases/download/v4.53.3/yq_linux_arm64"
url_api = "https://api.github.com/repos/mikefarah/yq/releases/assets/440146727"
provenance = "cosign"

[tools."aqua:mikefarah/yq"."platforms.linux-x64"]
checksum = "sha256:fa52a4e758c63d38299163fbdd1edfb4c4963247918bf9c1c5d31d84789eded4"
url = "https://github.com/mikefarah/yq/releases/download/v4.53.3/yq_linux_amd64"
url_api = "https://api.github.com/repos/mikefarah/yq/releases/assets/440146735"
provenance = "cosign"

[tools."aqua:mikefarah/yq"."platforms.linux-x64-musl"]
checksum = "sha256:fa52a4e758c63d38299163fbdd1edfb4c4963247918bf9c1c5d31d84789eded4"
url = "https://github.com/mikefarah/yq/releases/download/v4.53.3/yq_linux_amd64"
url_api = "https://api.github.com/repos/mikefarah/yq/releases/assets/440146735"
provenance = "cosign"

[tools."aqua:mikefarah/yq"."platforms.macos-arm64"]
checksum = "sha256:877de31753a4dd2401aa048937aa9a7fc4d5f6ce858cf31508c5802954297213"
url = "https://github.com/mikefarah/yq/releases/download/v4.53.3/yq_darwin_arm64"
url_api = "https://api.github.com/repos/mikefarah/yq/releases/assets/440146762"
provenance = "cosign"

[tools."aqua:mikefarah/yq"."platforms.macos-x64"]
checksum = "sha256:b4ba1ecce3c47f00803f4f964de38394326c7a32eb6540616e04fb2935a0f08d"
url = "https://github.com/mikefarah/yq/releases/download/v4.53.3/yq_darwin_amd64"
url_api = "https://api.github.com/repos/mikefarah/yq/releases/assets/440146744"
provenance = "cosign"

[tools."aqua:mikefarah/yq"."platforms.windows-x64"]
checksum = "sha256:e279bc506a452eeafcdf364f91a025455e402a8001169083caf01f4b64a544e2"
url = "https://github.com/mikefarah/yq/releases/download/v4.53.3/yq_windows_amd64.exe"
url_api = "https://api.github.com/repos/mikefarah/yq/releases/assets/440146721"
provenance = "cosign"

[[tools."aqua:sigstore/cosign"]]
version = "3.1.1"
backend = "aqua:sigstore/cosign"

[tools."aqua:sigstore/cosign"."platforms.linux-arm64"]
checksum = "sha256:2ec865872e331c32fd12b08dae15332d3f92c0aa029219589684a4903ca85d11"
url = "https://github.com/sigstore/cosign/releases/download/v3.1.1/cosign-linux-arm64"
url_api = "https://api.github.com/repos/sigstore/cosign/releases/assets/442898897"
provenance = "cosign"

[tools."aqua:sigstore/cosign"."platforms.linux-arm64-musl"]
checksum = "sha256:2ec865872e331c32fd12b08dae15332d3f92c0aa029219589684a4903ca85d11"
url = "https://github.com/sigstore/cosign/releases/download/v3.1.1/cosign-linux-arm64"
url_api = "https://api.github.com/repos/sigstore/cosign/releases/assets/442898897"
provenance = "cosign"

[tools."aqua:sigstore/cosign"."platforms.linux-x64"]
checksum = "sha256:ae1ecd212663f3693ad9edf8b1a183900c9a52d3155ba6e354237f9a0f6463fc"
url = "https://github.com/sigstore/cosign/releases/download/v3.1.1/cosign-linux-amd64"
url_api = "https://api.github.com/repos/sigstore/cosign/releases/assets/442898812"
provenance = "cosign"

[tools."aqua:sigstore/cosign"."platforms.linux-x64-musl"]
checksum = "sha256:ae1ecd212663f3693ad9edf8b1a183900c9a52d3155ba6e354237f9a0f6463fc"
url = "https://github.com/sigstore/cosign/releases/download/v3.1.1/cosign-linux-amd64"
url_api = "https://api.github.com/repos/sigstore/cosign/releases/assets/442898812"
provenance = "cosign"

[tools."aqua:sigstore/cosign"."platforms.macos-arm64"]
checksum = "sha256:94b42a9e697be95675f6160ab031a9a5f1ec1e646d6f648d7b2f5cd59ececbc5"
url = "https://github.com/sigstore/cosign/releases/download/v3.1.1/cosign-darwin-arm64"
url_api = "https://api.github.com/repos/sigstore/cosign/releases/assets/442899033"
provenance = "cosign"

[tools."aqua:sigstore/cosign"."platforms.macos-x64"]
checksum = "sha256:14d2678dfbfde18798151e86fbd91ebdadbb7424b18412a42a155dd8a2df4c7a"
url = "https://github.com/sigstore/cosign/releases/download/v3.1.1/cosign-darwin-amd64"
url_api = "https://api.github.com/repos/sigstore/cosign/releases/assets/442899292"
provenance = "cosign"

[tools."aqua:sigstore/cosign"."platforms.windows-x64"]
checksum = "sha256:9d2c026e667bfd979fa7ba1cab8c4b24d2e73f336ec2d57f7fc72c7e73e5b4b6"
url = "https://github.com/sigstore/cosign/releases/download/v3.1.1/cosign-windows-amd64.exe"
url_api = "https://api.github.com/repos/sigstore/cosign/releases/assets/442899047"
provenance = "cosign"
