chart:
  name: external-dns
  version: 1.21.1
  upstreamTgzSha256: 5dd033a4b872bf641860695705ee460031d0bc695f114bf8926fee6736814e19
images:
  - source: registry.k8s.io/external-dns/external-dns:v0.22.0
    digest: sha256:5fdcaf7deb5c158f93a1fc6fe169cdff4cfb9ae0172bee1a90ab0ef74fb9c9cf
    target: us-central1-docker.pkg.dev/o-foundation-7e43/platform/images/registry.k8s.io/external-dns/external-dns:v0.22.0
    platforms: ["linux/amd64", "linux/arm", "linux/arm64"]
