chart:
  name: flux-operator
  version: 0.57.0
  upstreamTgzSha256: 3419a153982b415d5cda52c0240183763adbd0629c4cb33f2a12b2b692861b74
images:
  - source: ghcr.io/controlplaneio-fluxcd/flux-operator:v0.57.0
    digest: sha256:632e0844d36d00b57ad73c55456eeed87e8967cdf0202e425c7652d214133da2
    target: us-central1-docker.pkg.dev/o-foundation-7e43/platform/images/ghcr.io/controlplaneio-fluxcd/flux-operator:v0.57.0
    platforms: ["linux/amd64", "linux/arm64"]
