chart:
  name: flux-operator
  version: 0.55.0
  upstreamTgzSha256: 351643075e97ec1a4d68ff8b0a1fb9d17ff5486b7bdbf877ec2dbbcafe3925a2
images:
  - source: ghcr.io/controlplaneio-fluxcd/flux-operator:v0.55.0
    digest: sha256:5221a2faf9c1e1b1d6212aa96f5c4df2fdc4977ae206f2636dd202b79583ffb5
    target: us-central1-docker.pkg.dev/x-patchy-app/platform/images/ghcr.io/controlplaneio-fluxcd/flux-operator:v0.55.0
    platforms: ["linux/amd64", "linux/arm64"]
