chart:
  name: kyverno
  version: 3.8.2
  upstreamTgzSha256: 7a9bdaeba4334337b7ff231baad1ec2044429893008a00bf398933bc033abc8e
images:
  - source: reg.kyverno.io/kyverno/background-controller:v1.18.2
    digest: sha256:d62566ce41bd0d4a32bf2cf44b9ebfc02c36374f821f83070890287f62f68671
    target: us-central1-docker.pkg.dev/x-patchy-app/platform/images/reg.kyverno.io/kyverno/background-controller:v1.18.2
    platforms: ["linux/amd64", "linux/arm", "linux/arm64", "linux/ppc64le", "linux/s390x"]
  - source: reg.kyverno.io/kyverno/cleanup-controller:v1.18.2
    digest: sha256:b0395d29ae332276e6910eb40418be9bc127c068d659f90aa1bcddd6be99ccb4
    target: us-central1-docker.pkg.dev/x-patchy-app/platform/images/reg.kyverno.io/kyverno/cleanup-controller:v1.18.2
    platforms: ["linux/amd64", "linux/arm", "linux/arm64", "linux/ppc64le", "linux/s390x"]
  - source: reg.kyverno.io/kyverno/kyverno-cli:v1.18.2
    digest: sha256:7224ed05508c24419c3df98114c28ba682ad0a940dcdb7b9fdba0a4b6bf943cf
    target: us-central1-docker.pkg.dev/x-patchy-app/platform/images/reg.kyverno.io/kyverno/kyverno-cli:v1.18.2
    platforms: ["linux/amd64", "linux/arm", "linux/arm64", "linux/ppc64le", "linux/s390x"]
  - source: reg.kyverno.io/kyverno/kyverno:v1.18.2
    digest: sha256:0a540e2ddf74d0d2d3d45f9ef248d7dbc96576accdbcc6a2dd7eaff9fea56504
    target: us-central1-docker.pkg.dev/x-patchy-app/platform/images/reg.kyverno.io/kyverno/kyverno:v1.18.2
    platforms: ["linux/amd64", "linux/arm", "linux/arm64", "linux/ppc64le", "linux/s390x"]
  - source: reg.kyverno.io/kyverno/kyvernopre:v1.18.2
    digest: sha256:cd8cb4a31d25b3992734fb8f24a90ef691c90ce49338c89bea96792160eacb98
    target: us-central1-docker.pkg.dev/x-patchy-app/platform/images/reg.kyverno.io/kyverno/kyvernopre:v1.18.2
    platforms: ["linux/amd64", "linux/arm", "linux/arm64", "linux/ppc64le", "linux/s390x"]
  - source: reg.kyverno.io/kyverno/reports-controller:v1.18.2
    digest: sha256:f09cf305170014e191b94e1c54f5be73163d8824eefad49349675c4efe43159a
    target: us-central1-docker.pkg.dev/x-patchy-app/platform/images/reg.kyverno.io/kyverno/reports-controller:v1.18.2
    platforms: ["linux/amd64", "linux/arm", "linux/arm64", "linux/ppc64le", "linux/s390x"]
